# This file is autogenerated, do not edit; changes may be undone by the next 'dep ensure'.


[[projects]]
  name = "github.com/docker/distribution"
  packages = [".","digestset","manifest","manifest/schema1","manifest/schema2","reference"]
  revision = "30578ca32960a4d368bf6db67b0a33c2a1f3dc6f"

[[projects]]
  branch = "master"
  name = "github.com/docker/libtrust"
  packages = ["."]
  revision = "aabc10ec26b754e797f9028f4589c5b7bd90dc20"

[[projects]]
  name = "github.com/opencontainers/go-digest"
  packages = ["."]
  revision = "aa2ec055abd10d26d539eb630a92241b781ce4bc"
  version = "v1.0.0-rc0"

[[projects]]
  name = "github.com/sirupsen/logrus"
  packages = ["."]
  revision = "f006c2ac4710855cf0f916dd6b77acf6b048dc6e"
  version = "v1.0.3"

[[projects]]
  branch = "master"
  name = "golang.org/x/crypto"
  packages = ["ssh/terminal"]
  revision = "faadfbdc035307d901e69eea569f5dda451a3ee3"

[[projects]]
  branch = "master"
  name = "golang.org/x/sys"
  packages = ["unix","windows"]
  revision = "062cd7e4e68206d8bab9b18396626e855c992658"

[solve-meta]
  analyzer-name = "dep"
  analyzer-version = 1
  inputs-digest = "7a4a8f51f93b5ffc82bb008ed0bcbf0835a2e983b3a2de4ae989aff7cc99c9f5"
  solver-name = "gps-cdcl"
  solver-version = 1
