# This file is autogenerated, do not edit; changes may be undone by the next 'dep ensure'.


[[projects]]
  branch = "master"
  name = "github.com/docker/distribution"
  packages = [".","digestset","manifest","manifest/schema1","manifest/schema2","reference"]
  revision = "bc3c7b0525e59d3ecfab3e1568350895fd4a462f"

[[projects]]
  branch = "master"
  name = "github.com/docker/libtrust"
  packages = ["."]
  revision = "aabc10ec26b754e797f9028f4589c5b7bd90dc20"

[[projects]]
  name = "github.com/opencontainers/go-digest"
  packages = ["."]
  revision = "279bed98673dd5bef374d3b6e4b09e2af76183bf"
  version = "v1.0.0-rc1"

[[projects]]
  name = "github.com/sirupsen/logrus"
  packages = ["."]
  revision = "f006c2ac4710855cf0f916dd6b77acf6b048dc6e"
  version = "v1.0.3"

[[projects]]
  branch = "master"
  name = "golang.org/x/crypto"
  packages = ["ssh/terminal"]
  revision = "94eea52f7b742c7cbe0b03b22f0c4c8631ece122"

[[projects]]
  branch = "master"
  name = "golang.org/x/sys"
  packages = ["unix","windows"]
  revision = "13fcbd661c8ececa8807a29b48407d674b1d8ed8"

[solve-meta]
  analyzer-name = "dep"
  analyzer-version = 1
  inputs-digest = "32ef009ee03eb14637582c92370c762d2d730184bdad60412c7f447276886b68"
  solver-name = "gps-cdcl"
  solver-version = 1
